
Microsoft Visual Studio Solution File, Format Version 12.00
# Visual Studio Version 17
VisualStudioVersion = 17.9.34728.123
MinimumVisualStudioVersion = 10.0.40219.1
Project("{FAE04EC0-301F-11D3-BF4B-00C04F79EFBC}") = "timcontrol", "timcontrol\timcontrol.csproj", "{175DD637-2BBA-43D3-A770-FA0F497FF920}"
EndProject
Global
	GlobalSection(SolutionConfigurationPlatforms) = preSolution
		Debug|Any CPU = Debug|Any CPU
		Release|Any CPU = Release|Any CPU
	EndGlobalSection
	GlobalSection(ProjectConfigurationPlatforms) = postSolution
		{175DD637-2BBA-43D3-A770-FA0F497FF920}.Debug|Any CPU.ActiveCfg = Debug|Any CPU
		{175DD637-2BBA-43D3-A770-FA0F497FF920}.Debug|Any CPU.Build.0 = Debug|Any CPU
		{175DD637-2BBA-43D3-A770-FA0F497FF920}.Release|Any CPU.ActiveCfg = Release|Any CPU
		{175DD637-2BBA-43D3-A770-FA0F497FF920}.Release|Any CPU.Build.0 = Release|Any CPU
	EndGlobalSection
	GlobalSection(SolutionProperties) = preSolution
		HideSolutionNode = FALSE
	EndGlobalSection
	GlobalSection(ExtensibilityGlobals) = postSolution
		SolutionGuid = {8C183F4F-9545-4FBC-A4E8-25872BBC56A0}
	EndGlobalSection
EndGlobal
